
Microsoft Visual Studio Solution File, Format Version 10.00
# Visual Studio 2008
Project("{FAE04EC0-301F-11D3-BF4B-00C04F79EFBC}") = "StarterProject.Core", "StarterProject.Core\StarterProject.Core.csproj", "{D53B0733-F851-4E36-9C7E-F78C2BC29D96}"
EndProject
Project("{FAE04EC0-301F-11D3-BF4B-00C04F79EFBC}") = "StarterProject.Tests", "StarterProject.Tests\StarterProject.Tests.csproj", "{6AB12B9A-6447-42BE-9A27-402E11FB043A}"
EndProject
Global
	GlobalSection(SolutionConfigurationPlatforms) = preSolution
		Debug|Any CPU = Debug|Any CPU
		Release|Any CPU = Release|Any CPU
	EndGlobalSection
	GlobalSection(ProjectConfigurationPlatforms) = postSolution
		{D53B0733-F851-4E36-9C7E-F78C2BC29D96}.Debug|Any CPU.ActiveCfg = Debug|Any CPU
		{D53B0733-F851-4E36-9C7E-F78C2BC29D96}.Debug|Any CPU.Build.0 = Debug|Any CPU
		{D53B0733-F851-4E36-9C7E-F78C2BC29D96}.Release|Any CPU.ActiveCfg = Release|Any CPU
		{D53B0733-F851-4E36-9C7E-F78C2BC29D96}.Release|Any CPU.Build.0 = Release|Any CPU
		{6AB12B9A-6447-42BE-9A27-402E11FB043A}.Debug|Any CPU.ActiveCfg = Debug|Any CPU
		{6AB12B9A-6447-42BE-9A27-402E11FB043A}.Debug|Any CPU.Build.0 = Debug|Any CPU
		{6AB12B9A-6447-42BE-9A27-402E11FB043A}.Release|Any CPU.ActiveCfg = Release|Any CPU
		{6AB12B9A-6447-42BE-9A27-402E11FB043A}.Release|Any CPU.Build.0 = Release|Any CPU
	EndGlobalSection
	GlobalSection(SolutionProperties) = preSolution
		HideSolutionNode = FALSE
	EndGlobalSection
EndGlobal
